#MicroXplorer Configuration settings - do not modify
CAD.formats=
CAD.pinconfig=
CAD.provider=
CORTEX_M33_NS.userName=CORTEX_M33
File.Version=6
GPIO.groupedBy=Group By Peripherals
KeepUserPlacement=false
Mcu.CPN=STM32U585VIT6Q
Mcu.ContextProject=TrustZoneDisabled
Mcu.Family=STM32U5
Mcu.IP0=CORTEX_M33_NS
Mcu.IP1=I2C2
Mcu.IP2=LPUART1
Mcu.IP3=MDF1
Mcu.IP4=NVIC
Mcu.IP5=OCTOSPI1
Mcu.IP6=OCTOSPIM
Mcu.IP7=PWR
Mcu.IP8=RCC
Mcu.IP9=SDMMC1
Mcu.IP10=SPI1
Mcu.IP11=SYS
Mcu.IP12=TIM2
Mcu.IP13=USART1
Mcu.IP14=USART2
Mcu.IP15=USART3
Mcu.IP16=USB_OTG_FS
Mcu.IPNb=17
Mcu.Name=STM32U585VITxQ
Mcu.Package=LQFP100
Mcu.Pin0=PE2
Mcu.Pin1=PE3
Mcu.Pin2=PE4
Mcu.Pin3=PE5
Mcu.Pin4=PE6
Mcu.Pin5=PC13
Mcu.Pin6=PC14-OSC32_IN (PC14)
Mcu.Pin7=PC15-OSC32_OUT (PC15)
Mcu.Pin8=PC0
Mcu.Pin9=PC1
Mcu.Pin10=PC2
Mcu.Pin11=PA0
Mcu.Pin12=PA2
Mcu.Pin13=PA3
Mcu.Pin14=PA4
Mcu.Pin15=PA5
Mcu.Pin16=PA6
Mcu.Pin17=PA7
Mcu.Pin18=PB1
Mcu.Pin19=PB2
Mcu.Pin20=PE7
Mcu.Pin21=PE9
Mcu.Pin22=PE10
Mcu.Pin23=PE11
Mcu.Pin24=PE12
Mcu.Pin25=PE13
Mcu.Pin26=PE14
Mcu.Pin27=PE15
Mcu.Pin28=PB10
Mcu.Pin29=PB11
Mcu.Pin30=PB13
Mcu.Pin31=PB14
Mcu.Pin32=PB15
Mcu.Pin33=PD8
Mcu.Pin34=PD9
Mcu.Pin35=PD10
Mcu.Pin36=PD11
Mcu.Pin37=PD12
Mcu.Pin38=PD13
Mcu.Pin39=PD14
Mcu.Pin40=PD15
Mcu.Pin41=PC6
Mcu.Pin42=PC7
Mcu.Pin43=PC8
Mcu.Pin44=PC9
Mcu.Pin45=PA8
Mcu.Pin46=PA9
Mcu.Pin47=PA11
Mcu.Pin48=PA12
Mcu.Pin49=PA13 (JTMS/SWDIO)
Mcu.Pin50=PA14 (JTCK/SWCLK)
Mcu.Pin51=PA15 (JTDI)
Mcu.Pin52=PC10
Mcu.Pin53=PC11
Mcu.Pin54=PC12
Mcu.Pin55=PD0
Mcu.Pin56=PD1
Mcu.Pin57=PD2
Mcu.Pin58=PD4
Mcu.Pin59=PD5
Mcu.Pin60=PD6
Mcu.Pin61=PB6
Mcu.Pin62=PB7
Mcu.Pin63=PH3-BOOT0
Mcu.Pin64=PB8
Mcu.Pin65=PB9
Mcu.Pin66=PE0
Mcu.Pin67=VP_PWR_VS_DBSignals
Mcu.Pin68=VP_PWR_VS_LPOM
Mcu.Pin69=VP_PWR_VS_SECSignals
Mcu.Pin70=VP_SYS_VS_Systick
Mcu.PinsNb=71
Mcu.ThirdPartyNb=0
Mcu.UserConstants=
Mcu.UserName=STM32U585VITxQ
MxCube.Version=6.12.0
MxDb.Version=DB.6.0.120
NVIC.EXTI2_IRQn=true\:0\:0\:false\:false\:true\:false\:true\:true
NVIC.EXTI6_IRQn=true\:0\:0\:false\:false\:true\:false\:true\:true
NVIC.EXTI7_IRQn=true\:0\:0\:false\:false\:true\:false\:true\:true
NVIC.EXTI8_IRQn=true\:0\:0\:false\:false\:true\:false\:true\:true
NVIC.I2C2_ER_IRQn=true\:0\:0\:false\:false\:true\:false\:true\:true
NVIC.I2C2_EV_IRQn=true\:0\:0\:false\:false\:true\:false\:true\:true
NVIC.LPUART1_IRQn=true\:0\:0\:false\:false\:true\:false\:true\:true
NVIC.MDF1_FLT0_IRQn=true\:0\:0\:false\:false\:true\:false\:true\:true
NVIC.MDF1_FLT1_IRQn=true\:0\:0\:false\:false\:true\:false\:true\:true
NVIC.MDF1_FLT2_IRQn=true\:0\:0\:false\:false\:true\:false\:true\:true
NVIC.MDF1_FLT3_IRQn=true\:0\:0\:false\:false\:true\:false\:true\:true
NVIC.OCTOSPI1_IRQn=true\:0\:0\:false\:false\:true\:false\:true\:true
NVIC.OTG_FS_IRQn=true\:0\:0\:false\:false\:true\:false\:true\:true
NVIC.SDMMC1_IRQn=true\:0\:0\:false\:false\:true\:false\:true\:true
NVIC.SPI1_IRQn=true\:0\:0\:false\:false\:true\:false\:true\:true
NVIC.TIM2_IRQn=true\:0\:0\:false\:false\:true\:false\:true\:true
NVIC.USART1_IRQn=true\:0\:0\:false\:false\:true\:false\:true\:true
NVIC.USART2_IRQn=true\:0\:0\:false\:false\:true\:false\:true\:true
NVIC.USART3_IRQn=true\:0\:0\:false\:false\:true\:false\:true\:true
NVIC.ForceEnableDMAVector=true
NVIC.PriorityGroup=NVIC_PRIORITYGROUP_4
PE2.GPIOParameters=GPIO_Label,PinState
PE2.GPIO_Label=SIM_MUX_EN
PE2.PinState=GPIO_PIN_RESET
PE2.Locked=true
PE2.Signal=GPIO_Output
PE3.GPIOParameters=GPIO_Label
PE3.GPIO_Label=SIM1_DET
PE3.Locked=true
PE3.Signal=GPIO_Input
PE4.GPIOParameters=GPIO_Label
PE4.GPIO_Label=PDM_DATA4
PE4.Locked=true
PE4.Signal=MDF1_SDI3
PE5.GPIOParameters=GPIO_Label
PE5.GPIO_Label=SIM2_DET
PE5.Locked=true
PE5.Signal=GPIO_Input
PE6.GPIOParameters=GPIO_Label,PinState
PE6.GPIO_Label=BLE_EN
PE6.PinState=GPIO_PIN_RESET
PE6.Locked=true
PE6.Signal=GPIO_Output
PC13.GPIOParameters=GPIO_Label
PC13.GPIO_Label=SD_DET
PC13.Locked=true
PC13.Signal=GPIO_Input
PC14-OSC32_IN\ (PC14).GPIOParameters=GPIO_Label
PC14-OSC32_IN\ (PC14).GPIO_Label=LSE_IN
PC14-OSC32_IN\ (PC14).Locked=true
PC14-OSC32_IN\ (PC14).Mode=LSE-External-Clock-Source
PC14-OSC32_IN\ (PC14).Signal=RCC_OSC32_IN
PC15-OSC32_OUT\ (PC15).GPIOParameters=GPIO_Label
PC15-OSC32_OUT\ (PC15).GPIO_Label=LSE_OUT
PC15-OSC32_OUT\ (PC15).Locked=true
PC15-OSC32_OUT\ (PC15).Signal=RCC_OSC32_OUT
PC0.GPIOParameters=GPIO_Label
PC0.GPIO_Label=TEST_UART_RX
PC0.Locked=true
PC0.Mode=Asynchronous
PC0.Signal=LPUART1_RX
PC1.GPIOParameters=GPIO_Label
PC1.GPIO_Label=TEST_UART_TX
PC1.Locked=true
PC1.Mode=Asynchronous
PC1.Signal=LPUART1_TX
PC2.GPIOParameters=GPIO_Label
PC2.GPIO_Label=LORA_DIO1
PC2.Locked=true
PC2.Signal=GPXTI2
PA0.GPIOParameters=GPIO_Label
PA0.GPIO_Label=GNSS_PPS
PA0.Locked=true
PA0.Mode=Input_Capture1_from_TI1
PA0.Signal=S_TIM2_CH1
PA2.GPIOParameters=GPIO_Label
PA2.GPIO_Label=GNSS_TX
PA2.Locked=true
PA2.Mode=Asynchronous
PA2.Signal=USART2_TX
PA3.GPIOParameters=GPIO_Label
PA3.GPIO_Label=GNSS_RX
PA3.Locked=true
PA3.Mode=Asynchronous
PA3.Signal=USART2_RX
PA4.GPIOParameters=GPIO_Label
PA4.GPIO_Label=LORA_NSS
PA4.Locked=true
PA4.Mode=NSS_Signal_Hard_Output
PA4.Signal=SPI1_NSS
PA5.GPIOParameters=GPIO_Label
PA5.GPIO_Label=LORA_SCK
PA5.Locked=true
PA5.Mode=Full_Duplex_Master
PA5.Signal=SPI1_SCK
PA6.GPIOParameters=GPIO_Label
PA6.GPIO_Label=LORA_MISO
PA6.Locked=true
PA6.Mode=Full_Duplex_Master
PA6.Signal=SPI1_MISO
PA7.GPIOParameters=GPIO_Label
PA7.GPIO_Label=LORA_MOSI
PA7.Locked=true
PA7.Mode=Full_Duplex_Master
PA7.Signal=SPI1_MOSI
PB1.GPIOParameters=GPIO_Label
PB1.GPIO_Label=PDM_DATA1
PB1.Locked=true
PB1.Signal=MDF1_SDI0
PB2.GPIOParameters=GPIO_Label,PinState,GPIO_OType
PB2.GPIO_Label=BLE_DFU_REQ
PB2.PinState=GPIO_PIN_SET
PB2.GPIO_OType=GPIO_MODE_OUTPUT_OD
PB2.Locked=true
PB2.Signal=GPIO_Output
PE7.GPIOParameters=GPIO_Label
PE7.GPIO_Label=PDM_DATA3
PE7.Locked=true
PE7.Signal=MDF1_SDI2
PE9.GPIOParameters=GPIO_Label
PE9.GPIO_Label=PDM_CLK
PE9.Locked=true
PE9.Mode=MOD_MDF_CCK0
PE9.Signal=MDF1_CCK0
PE10.GPIOParameters=GPIO_Label
PE10.GPIO_Label=NOR_CLK
PE10.Locked=true
PE10.Mode=O1_P1_CLK
PE10.Signal=OCTOSPIM_P1_CLK
PE11.GPIOParameters=GPIO_Label
PE11.GPIO_Label=NOR_NCS
PE11.Locked=true
PE11.Mode=O1_P1_NCS
PE11.Signal=OCTOSPIM_P1_NCS
PE12.GPIOParameters=GPIO_Label
PE12.GPIO_Label=NOR_IO0
PE12.Locked=true
PE12.Mode=O1_P1_IO0
PE12.Signal=OCTOSPIM_P1_IO0
PE13.GPIOParameters=GPIO_Label
PE13.GPIO_Label=NOR_IO1
PE13.Locked=true
PE13.Mode=O1_P1_IO1
PE13.Signal=OCTOSPIM_P1_IO1
PE14.GPIOParameters=GPIO_Label
PE14.GPIO_Label=NOR_IO2
PE14.Locked=true
PE14.Mode=O1_P1_IO2
PE14.Signal=OCTOSPIM_P1_IO2
PE15.GPIOParameters=GPIO_Label
PE15.GPIO_Label=NOR_IO3
PE15.Locked=true
PE15.Mode=O1_P1_IO3
PE15.Signal=OCTOSPIM_P1_IO3
PB10.GPIOParameters=GPIO_Label
PB10.GPIO_Label=BLE_TX
PB10.Locked=true
PB10.Mode=Asynchronous
PB10.Signal=USART3_TX
PB11.GPIOParameters=GPIO_Label
PB11.GPIO_Label=BLE_RX
PB11.Locked=true
PB11.Mode=Asynchronous
PB11.Signal=USART3_RX
PB13.GPIOParameters=GPIO_Label
PB13.GPIO_Label=I2C2_SCL
PB13.Locked=true
PB13.Mode=I2C
PB13.Signal=I2C2_SCL
PB14.GPIOParameters=GPIO_Label
PB14.GPIO_Label=I2C2_SDA
PB14.Locked=true
PB14.Mode=I2C
PB14.Signal=I2C2_SDA
PB15.GPIOParameters=GPIO_Label,PinState
PB15.GPIO_Label=LORA_TXEN
PB15.PinState=GPIO_PIN_RESET
PB15.Locked=true
PB15.Signal=GPIO_Output
PD8.GPIOParameters=GPIO_Label,PinState
PD8.GPIO_Label=LORA_RXEN
PD8.PinState=GPIO_PIN_RESET
PD8.Locked=true
PD8.Signal=GPIO_Output
PD9.GPIOParameters=GPIO_Label
PD9.GPIO_Label=LORA_BUSY
PD9.Locked=true
PD9.Signal=GPIO_Input
PD10.GPIOParameters=GPIO_Label,PinState
PD10.GPIO_Label=LORA_RESET_N
PD10.PinState=GPIO_PIN_SET
PD10.Locked=true
PD10.Signal=GPIO_Output
PD11.GPIOParameters=GPIO_Label
PD11.GPIO_Label=CELL_PWRKEY_CMD
PD11.Locked=true
PD11.Signal=GPIO_Output
PD12.GPIOParameters=GPIO_Label
PD12.GPIO_Label=CELL_RESET_N_CMD
PD12.Locked=true
PD12.Signal=GPIO_Output
PD13.GPIOParameters=GPIO_Label
PD13.GPIO_Label=CELL_STATUS
PD13.Locked=true
PD13.Signal=GPIO_Input
PD14.GPIOParameters=GPIO_Label
PD14.GPIO_Label=CELL_DTR
PD14.Locked=true
PD14.Signal=GPIO_Output
PD15.GPIOParameters=GPIO_Label
PD15.GPIO_Label=CELL_RI
PD15.Locked=true
PD15.Signal=GPIO_Input
PC6.GPIOParameters=GPIO_Label
PC6.GPIO_Label=ACCEL_INT
PC6.Locked=true
PC6.Signal=GPXTI6
PC7.GPIOParameters=GPIO_Label
PC7.GPIO_Label=TAMPER_IN
PC7.Locked=true
PC7.Signal=GPXTI7
PC8.GPIOParameters=GPIO_Label
PC8.GPIO_Label=SD_D0
PC8.Locked=true
PC8.Mode=SD_4_bits_Wide_bus
PC8.Signal=SDMMC1_D0
PC9.GPIOParameters=GPIO_Label
PC9.GPIO_Label=SD_D1
PC9.Locked=true
PC9.Mode=SD_4_bits_Wide_bus
PC9.Signal=SDMMC1_D1
PA8.GPIOParameters=GPIO_Label
PA8.GPIO_Label=MIC_WAKE
PA8.Locked=true
PA8.Signal=GPXTI8
PA9.GPIOParameters=GPIO_Label
PA9.GPIO_Label=USB_VBUS
PA9.Locked=true
PA9.Mode=Device_Only
PA9.Signal=USB_OTG_FS_VBUS
PA11.GPIOParameters=GPIO_Label
PA11.GPIO_Label=USB_DM
PA11.Locked=true
PA11.Mode=Device_Only
PA11.Signal=USB_OTG_FS_DM
PA12.GPIOParameters=GPIO_Label
PA12.GPIO_Label=USB_DP
PA12.Locked=true
PA12.Mode=Device_Only
PA12.Signal=USB_OTG_FS_DP
PA13\ (JTMS/SWDIO).GPIOParameters=GPIO_Label
PA13\ (JTMS/SWDIO).GPIO_Label=SWDIO
PA13\ (JTMS/SWDIO).Locked=true
PA13\ (JTMS/SWDIO).Mode=Trace_Asynchronous_SW
PA13\ (JTMS/SWDIO).Signal=DEBUG_JTMS-SWDIO
PA14\ (JTCK/SWCLK).GPIOParameters=GPIO_Label
PA14\ (JTCK/SWCLK).GPIO_Label=SWCLK
PA14\ (JTCK/SWCLK).Locked=true
PA14\ (JTCK/SWCLK).Mode=Trace_Asynchronous_SW
PA14\ (JTCK/SWCLK).Signal=DEBUG_JTCK-SWCLK
PA15\ (JTDI).GPIOParameters=GPIO_Label
PA15\ (JTDI).GPIO_Label=AAD_CFG
PA15\ (JTDI).Locked=true
PA15\ (JTDI).Signal=GPIO_Output
PC10.GPIOParameters=GPIO_Label
PC10.GPIO_Label=SD_D2
PC10.Locked=true
PC10.Mode=SD_4_bits_Wide_bus
PC10.Signal=SDMMC1_D2
PC11.GPIOParameters=GPIO_Label
PC11.GPIO_Label=SD_D3
PC11.Locked=true
PC11.Mode=SD_4_bits_Wide_bus
PC11.Signal=SDMMC1_D3
PC12.GPIOParameters=GPIO_Label
PC12.GPIO_Label=SD_CK
PC12.Locked=true
PC12.Mode=SD_4_bits_Wide_bus
PC12.Signal=SDMMC1_CK
PD0.GPIOParameters=GPIO_Label
PD0.GPIO_Label=PWR_GOOD
PD0.Locked=true
PD0.Signal=GPIO_Input
PD1.GPIOParameters=GPIO_Label
PD1.GPIO_Label=PWR_FAULT
PD1.Locked=true
PD1.Signal=GPIO_Input
PD2.GPIOParameters=GPIO_Label
PD2.GPIO_Label=SD_CMD
PD2.Locked=true
PD2.Mode=SD_4_bits_Wide_bus
PD2.Signal=SDMMC1_CMD
PD4.GPIOParameters=GPIO_Label,PinState
PD4.GPIO_Label=EN_MODEM
PD4.PinState=GPIO_PIN_RESET
PD4.Locked=true
PD4.Signal=GPIO_Output
PD5.GPIOParameters=GPIO_Label,PinState
PD5.GPIO_Label=EN_AUX
PD5.PinState=GPIO_PIN_RESET
PD5.Locked=true
PD5.Signal=GPIO_Output
PD6.GPIOParameters=GPIO_Label
PD6.GPIO_Label=PDM_DATA2
PD6.Locked=true
PD6.Signal=MDF1_SDI1
PB6.GPIOParameters=GPIO_Label
PB6.GPIO_Label=CELL_TX
PB6.Locked=true
PB6.Mode=Asynchronous
PB6.Signal=USART1_TX
PB7.GPIOParameters=GPIO_Label
PB7.GPIO_Label=CELL_RX
PB7.Locked=true
PB7.Mode=Asynchronous
PB7.Signal=USART1_RX
PH3-BOOT0.GPIOParameters=GPIO_Label
PH3-BOOT0.GPIO_Label=BOOT0
PH3-BOOT0.Locked=true
PH3-BOOT0.Signal=GPIO_Input
PB8.GPIOParameters=GPIO_Label
PB8.GPIO_Label=REV_STRAP0
PB8.Locked=true
PB8.Signal=GPIO_Input
PB9.GPIOParameters=GPIO_Label
PB9.GPIO_Label=REV_STRAP1
PB9.Locked=true
PB9.Signal=GPIO_Input
PE0.GPIOParameters=GPIO_Label
PE0.GPIO_Label=SIM_MUX_SEL
PE0.Locked=true
PE0.Signal=GPIO_Output
PinOutPanel.RotationAngle=0
ProjectManager.AskForMigrate=false
ProjectManager.BackupPrevious=true
ProjectManager.CompilerLinker=GCC
ProjectManager.CompilerOptimize=6
ProjectManager.ComputerToolchain=false
ProjectManager.CoupleFile=false
ProjectManager.DeletePrevious=false
ProjectManager.DeviceId=STM32U585VITxQ
ProjectManager.FreePins=false
ProjectManager.HalAssertFull=false
ProjectManager.HeapSize=0x400
ProjectManager.KeepUserCode=true
ProjectManager.LastFirmware=false
ProjectManager.LibraryCopy=1
ProjectManager.MainLocation=Core/Src
ProjectManager.NoMain=false
ProjectManager.ProjectBuild=false
ProjectManager.ProjectFileName=dioneya_evt_pre_20_rev_a.ioc
ProjectManager.ProjectName=dioneya_evt_pre_20_rev_a
ProjectManager.RegisterCallBack=
ProjectManager.StackSize=0x2000
ProjectManager.TargetToolchain=STM32CubeIDE
ProjectManager.UnderRoot=true
ProjectManager.functionlistsort=1-MX_GPIO_Init-GPIO-false-HAL-true,2-SystemClock_Config-RCC-false-HAL-false,3-MX_MDF1_Init-MDF1-false-HAL-true,4-MX_OCTOSPI1_Init-OCTOSPI1-false-HAL-true,5-MX_SDMMC1_SD_Init-SDMMC1-false-HAL-true,6-MX_SPI1_Init-SPI1-false-HAL-true,7-MX_I2C2_Init-I2C2-false-HAL-true,8-MX_TIM2_Init-TIM2-false-HAL-true,9-MX_USART1_UART_Init-USART1-false-HAL-true,10-MX_USART2_UART_Init-USART2-false-HAL-true,11-MX_USART3_UART_Init-USART3-false-HAL-true,12-MX_LPUART1_UART_Init-LPUART1-false-HAL-true,13-MX_USB_OTG_FS_PCD_Init-USB_OTG_FS-false-HAL-true
RCC.AHBFreq_Value=4000000
RCC.APB1Freq_Value=4000000
RCC.APB2Freq_Value=4000000
RCC.APB3Freq_Value=4000000
RCC.CortexFreq_Value=4000000
RCC.HCLKFreq_Value=4000000
RCC.LSE_VALUE=32768
RCC.MSI_VALUE=4000000
RCC.SYSCLKFreq_VALUE=4000000
RCC.SYSCLKSource=RCC_SYSCLKSOURCE_MSI
SH.GPXTI2.0=GPIO_EXTI2
SH.GPXTI2.ConfNb=1
SH.GPXTI6.0=GPIO_EXTI6
SH.GPXTI6.ConfNb=1
SH.GPXTI7.0=GPIO_EXTI7
SH.GPXTI7.ConfNb=1
SH.GPXTI8.0=GPIO_EXTI8
SH.GPXTI8.ConfNb=1
SH.S_TIM2_CH1.0=TIM2_CH1,Input_Capture1_from_TI1
SH.S_TIM2_CH1.ConfNb=1
I2C2.IPParameters=
LPUART1.IPParameters=VirtualMode-Asynchronous
LPUART1.VirtualMode-Asynchronous=VM_ASYNC
SPI1.DataSize=SPI_DATASIZE_8BIT
SPI1.Direction=SPI_DIRECTION_2LINES
SPI1.IPParameters=VirtualType,Mode,Direction,DataSize,VirtualNSS
SPI1.Mode=SPI_MODE_MASTER
SPI1.VirtualNSS=VM_NSSHARD
SPI1.VirtualType=VM_MASTER
TIM2.Channel-Input_Capture1_from_TI1=TIM_CHANNEL_1
TIM2.IPParameters=Channel-Input_Capture1_from_TI1
USART1.IPParameters=VirtualMode-Asynchronous
USART1.VirtualMode-Asynchronous=VM_ASYNC
USART2.IPParameters=VirtualMode-Asynchronous
USART2.VirtualMode-Asynchronous=VM_ASYNC
USART3.IPParameters=VirtualMode-Asynchronous
USART3.VirtualMode-Asynchronous=VM_ASYNC
USB_OTG_FS.IPParameters=VirtualMode
USB_OTG_FS.VirtualMode=Device_Only
VP_PWR_VS_DBSignals.Mode=DisableDeadBatterySignals
VP_PWR_VS_DBSignals.Signal=PWR_VS_DBSignals
VP_PWR_VS_LPOM.Mode=PowerOptimisation
VP_PWR_VS_LPOM.Signal=PWR_VS_LPOM
VP_PWR_VS_SECSignals.Mode=Security/Privilege
VP_PWR_VS_SECSignals.Signal=PWR_VS_SECSignals
VP_SYS_VS_Systick.Mode=SysTick
VP_SYS_VS_Systick.Signal=SYS_VS_Systick
board=custom
